// !$*UTF8*$!
{
	archiveVersion = 1;
	classes = {
	};
	objectVersion = 46;
	objects = {

/* Begin PBXBuildFile section */
		729A1C2E1F29E457007B22E7 /* main.m in Sources */ = {isa = PBXBuildFile; fileRef = 729A1C2D1F29E457007B22E7 /* main.m */; };
		729A1C311F29E457007B22E7 /* AppDelegate.m in Sources */ = {isa = PBXBuildFile; fileRef = 729A1C301F29E457007B22E7 /* AppDelegate.m */; };
		729A1C371F29E457007B22E7 /* Main.storyboard in Resources */ = {isa = PBXBuildFile; fileRef = 729A1C351F29E457007B22E7 /* Main.storyboard */; };
		729A1C391F29E457007B22E7 /* Assets.xcassets in Resources */ = {isa = PBXBuildFile; fileRef = 729A1C381F29E457007B22E7 /* Assets.xcassets */; };
		729A1C3C1F29E457007B22E7 /* LaunchScreen.storyboard in Resources */ = {isa = PBXBuildFile; fileRef = 729A1C3A1F29E457007B22E7 /* LaunchScreen.storyboard */; };
		72E4425F1FF5F31500823552 /* QTChoosePictureCollectionViewCell.m in Sources */ = {isa = PBXBuildFile; fileRef = 72E4425C1FF5F31500823552 /* QTChoosePictureCollectionViewCell.m */; };
		72E442601FF5F31500823552 /* ChoosePictureViewController.m in Sources */ = {isa = PBXBuildFile; fileRef = 72E4425D1FF5F31500823552 /* ChoosePictureViewController.m */; };
		72E4426B1FF5F31B00823552 /* QTImagePickController.m in Sources */ = {isa = PBXBuildFile; fileRef = 72E442631FF5F31B00823552 /* QTImagePickController.m */; };
		72E4426C1FF5F31B00823552 /* QTImagePickCell.m in Sources */ = {isa = PBXBuildFile; fileRef = 72E442671FF5F31B00823552 /* QTImagePickCell.m */; };
		72E4426D1FF5F31B00823552 /* QTPickCameraCell.m in Sources */ = {isa = PBXBuildFile; fileRef = 72E442691FF5F31B00823552 /* QTPickCameraCell.m */; };
		72E4427C1FF5F32100823552 /* QTClipImageContainerController.m in Sources */ = {isa = PBXBuildFile; fileRef = 72E442721FF5F32100823552 /* QTClipImageContainerController.m */; };
		72E4427D1FF5F32100823552 /* QTImageDisplayController.m in Sources */ = {isa = PBXBuildFile; fileRef = 72E442741FF5F32100823552 /* QTImageDisplayController.m */; };
		72E4427E1FF5F32100823552 /* QTClipImageContainerView.m in Sources */ = {isa = PBXBuildFile; fileRef = 72E442771FF5F32100823552 /* QTClipImageContainerView.m */; };
		72E4427F1FF5F32100823552 /* QTThumbnailCell.m in Sources */ = {isa = PBXBuildFile; fileRef = 72E4427B1FF5F32100823552 /* QTThumbnailCell.m */; };
/* End PBXBuildFile section */

/* Begin PBXFileReference section */
		729A1C291F29E457007B22E7 /* ChoosePictureDemo.app */ = {isa = PBXFileReference; explicitFileType = wrapper.application; includeInIndex = 0; path = ChoosePictureDemo.app; sourceTree = BUILT_PRODUCTS_DIR; };
		729A1C2D1F29E457007B22E7 /* main.m */ = {isa = PBXFileReference; lastKnownFileType = sourcecode.c.objc; path = main.m; sourceTree = "<group>"; };
		729A1C2F1F29E457007B22E7 /* AppDelegate.h */ = {isa = PBXFileReference; lastKnownFileType = sourcecode.c.h; path = AppDelegate.h; sourceTree = "<group>"; };
		729A1C301F29E457007B22E7 /* AppDelegate.m */ = {isa = PBXFileReference; lastKnownFileType = sourcecode.c.objc; path = AppDelegate.m; sourceTree = "<group>"; };
		729A1C361F29E457007B22E7 /* Base */ = {isa = PBXFileReference; lastKnownFileType = file.storyboard; name = Base; path = Base.lproj/Main.storyboard; sourceTree = "<group>"; };
		729A1C381F29E457007B22E7 /* Assets.xcassets */ = {isa = PBXFileReference; lastKnownFileType = folder.assetcatalog; path = Assets.xcassets; sourceTree = "<group>"; };
		729A1C3B1F29E457007B22E7 /* Base */ = {isa = PBXFileReference; lastKnownFileType = file.storyboard; name = Base; path = Base.lproj/LaunchScreen.storyboard; sourceTree = "<group>"; };
		729A1C3D1F29E457007B22E7 /* Info.plist */ = {isa = PBXFileReference; lastKnownFileType = text.plist.xml; path = Info.plist; sourceTree = "<group>"; };
		72E4425B1FF5F31500823552 /* ChoosePictureViewController.h */ = {isa = PBXFileReference; fileEncoding = 4; lastKnownFileType = sourcecode.c.h; path = ChoosePictureViewController.h; sourceTree = "<group>"; };
		72E4425C1FF5F31500823552 /* QTChoosePictureCollectionViewCell.m */ = {isa = PBXFileReference; fileEncoding = 4; lastKnownFileType = sourcecode.c.objc; path = QTChoosePictureCollectionViewCell.m; sourceTree = "<group>"; };
		72E4425D1FF5F31500823552 /* ChoosePictureViewController.m */ = {isa = PBXFileReference; fileEncoding = 4; lastKnownFileType = sourcecode.c.objc; path = ChoosePictureViewController.m; sourceTree = "<group>"; };
		72E4425E1FF5F31500823552 /* QTChoosePictureCollectionViewCell.h */ = {isa = PBXFileReference; fileEncoding = 4; lastKnownFileType = sourcecode.c.h; path = QTChoosePictureCollectionViewCell.h; sourceTree = "<group>"; };
		72E442631FF5F31B00823552 /* QTImagePickController.m */ = {isa = PBXFileReference; fileEncoding = 4; lastKnownFileType = sourcecode.c.objc; path = QTImagePickController.m; sourceTree = "<group>"; };
		72E442641FF5F31B00823552 /* QTImagePickController.h */ = {isa = PBXFileReference; fileEncoding = 4; lastKnownFileType = sourcecode.c.h; path = QTImagePickController.h; sourceTree = "<group>"; };
		72E442671FF5F31B00823552 /* QTImagePickCell.m */ = {isa = PBXFileReference; fileEncoding = 4; lastKnownFileType = sourcecode.c.objc; path = QTImagePickCell.m; sourceTree = "<group>"; };
		72E442681FF5F31B00823552 /* QTPickCameraCell.h */ = {isa = PBXFileReference; fileEncoding = 4; lastKnownFileType = sourcecode.c.h; path = QTPickCameraCell.h; sourceTree = "<group>"; };
		72E442691FF5F31B00823552 /* QTPickCameraCell.m */ = {isa = PBXFileReference; fileEncoding = 4; lastKnownFileType = sourcecode.c.objc; path = QTPickCameraCell.m; sourceTree = "<group>"; };
		72E4426A1FF5F31B00823552 /* QTImagePickCell.h */ = {isa = PBXFileReference; fileEncoding = 4; lastKnownFileType = sourcecode.c.h; path = QTImagePickCell.h; sourceTree = "<group>"; };
		72E442711FF5F32100823552 /* QTClipImageContainerController.h */ = {isa = PBXFileReference; fileEncoding = 4; lastKnownFileType = sourcecode.c.h; path = QTClipImageContainerController.h; sourceTree = "<group>"; };
		72E442721FF5F32100823552 /* QTClipImageContainerController.m */ = {isa = PBXFileReference; fileEncoding = 4; lastKnownFileType = sourcecode.c.objc; path = QTClipImageContainerController.m; sourceTree = "<group>"; };
		72E442731FF5F32100823552 /* QTImageDisplayController.h */ = {isa = PBXFileReference; fileEncoding = 4; lastKnownFileType = sourcecode.c.h; path = QTImageDisplayController.h; sourceTree = "<group>"; };
		72E442741FF5F32100823552 /* QTImageDisplayController.m */ = {isa = PBXFileReference; fileEncoding = 4; lastKnownFileType = sourcecode.c.objc; path = QTImageDisplayController.m; sourceTree = "<group>"; };
		72E442771FF5F32100823552 /* QTClipImageContainerView.m */ = {isa = PBXFileReference; fileEncoding = 4; lastKnownFileType = sourcecode.c.objc; path = QTClipImageContainerView.m; sourceTree = "<group>"; };
		72E442781FF5F32100823552 /* QTClipImageContainerView.h */ = {isa = PBXFileReference; fileEncoding = 4; lastKnownFileType = sourcecode.c.h; path = QTClipImageContainerView.h; sourceTree = "<group>"; };
		72E4427A1FF5F32100823552 /* QTThumbnailCell.h */ = {isa = PBXFileReference; fileEncoding = 4; lastKnownFileType = sourcecode.c.h; path = QTThumbnailCell.h; sourceTree = "<group>"; };
		72E4427B1FF5F32100823552 /* QTThumbnailCell.m */ = {isa = PBXFileReference; fileEncoding = 4; lastKnownFileType = sourcecode.c.objc; path = QTThumbnailCell.m; sourceTree = "<group>"; };
/* End PBXFileReference section */

/* Begin PBXFrameworksBuildPhase section */
		729A1C261F29E457007B22E7 /* Frameworks */ = {
			isa = PBXFrameworksBuildPhase;
			buildActionMask = 2147483647;
			files = (
			);
			runOnlyForDeploymentPostprocessing = 0;
		};
/* End PBXFrameworksBuildPhase section */

/* Begin PBXGroup section */
		729A1C201F29E457007B22E7 = {
			isa = PBXGroup;
			children = (
				729A1C2B1F29E457007B22E7 /* ChoosePictureDemo */,
				729A1C2A1F29E457007B22E7 /* Products */,
			);
			sourceTree = "<group>";
		};
		729A1C2A1F29E457007B22E7 /* Products */ = {
			isa = PBXGroup;
			children = (
				729A1C291F29E457007B22E7 /* ChoosePictureDemo.app */,
			);
			name = Products;
			sourceTree = "<group>";
		};
		729A1C2B1F29E457007B22E7 /* ChoosePictureDemo */ = {
			isa = PBXGroup;
			children = (
				729A1C2F1F29E457007B22E7 /* AppDelegate.h */,
				729A1C301F29E457007B22E7 /* AppDelegate.m */,
				72E4425A1FF5F31500823552 /* BTWChoosePicture */,
				72E442611FF5F31B00823552 /* QTImagePick */,
				72E4426E1FF5F32100823552 /* QTImageDisplay */,
				729A1C351F29E457007B22E7 /* Main.storyboard */,
				729A1C381F29E457007B22E7 /* Assets.xcassets */,
				729A1C3A1F29E457007B22E7 /* LaunchScreen.storyboard */,
				729A1C3D1F29E457007B22E7 /* Info.plist */,
				729A1C2C1F29E457007B22E7 /* Supporting Files */,
			);
			path = ChoosePictureDemo;
			sourceTree = "<group>";
		};
		729A1C2C1F29E457007B22E7 /* Supporting Files */ = {
			isa = PBXGroup;
			children = (
				729A1C2D1F29E457007B22E7 /* main.m */,
			);
			name = "Supporting Files";
			sourceTree = "<group>";
		};
		72E4425A1FF5F31500823552 /* BTWChoosePicture */ = {
			isa = PBXGroup;
			children = (
				72E4425B1FF5F31500823552 /* ChoosePictureViewController.h */,
				72E4425C1FF5F31500823552 /* QTChoosePictureCollectionViewCell.m */,
				72E4425D1FF5F31500823552 /* ChoosePictureViewController.m */,
				72E4425E1FF5F31500823552 /* QTChoosePictureCollectionViewCell.h */,
			);
			path = BTWChoosePicture;
			sourceTree = "<group>";
		};
		72E442611FF5F31B00823552 /* QTImagePick */ = {
			isa = PBXGroup;
			children = (
				72E442661FF5F31B00823552 /* View */,
				72E442621FF5F31B00823552 /* Controller */,
			);
			path = QTImagePick;
			sourceTree = "<group>";
		};
		72E442621FF5F31B00823552 /* Controller */ = {
			isa = PBXGroup;
			children = (
				72E442631FF5F31B00823552 /* QTImagePickController.m */,
				72E442641FF5F31B00823552 /* QTImagePickController.h */,
			);
			path = Controller;
			sourceTree = "<group>";
		};
		72E442661FF5F31B00823552 /* View */ = {
			isa = PBXGroup;
			children = (
				72E4426A1FF5F31B00823552 /* QTImagePickCell.h */,
				72E442671FF5F31B00823552 /* QTImagePickCell.m */,
				72E442681FF5F31B00823552 /* QTPickCameraCell.h */,
				72E442691FF5F31B00823552 /* QTPickCameraCell.m */,
			);
			path = View;
			sourceTree = "<group>";
		};
		72E4426E1FF5F32100823552 /* QTImageDisplay */ = {
			isa = PBXGroup;
			children = (
				72E442751FF5F32100823552 /* View */,
				72E4426F1FF5F32100823552 /* Controller */,
			);
			path = QTImageDisplay;
			sourceTree = "<group>";
		};
		72E4426F1FF5F32100823552 /* Controller */ = {
			isa = PBXGroup;
			children = (
				72E442701FF5F32100823552 /* QTClipImageContainerController */,
				72E442731FF5F32100823552 /* QTImageDisplayController.h */,
				72E442741FF5F32100823552 /* QTImageDisplayController.m */,
			);
			path = Controller;
			sourceTree = "<group>";
		};
		72E442701FF5F32100823552 /* QTClipImageContainerController */ = {
			isa = PBXGroup;
			children = (
				72E442711FF5F32100823552 /* QTClipImageContainerController.h */,
				72E442721FF5F32100823552 /* QTClipImageContainerController.m */,
			);
			path = QTClipImageContainerController;
			sourceTree = "<group>";
		};
		72E442751FF5F32100823552 /* View */ = {
			isa = PBXGroup;
			children = (
				72E442761FF5F32100823552 /* ScrollContainerView */,
				72E442791FF5F32100823552 /* Cell */,
			);
			path = View;
			sourceTree = "<group>";
		};
		72E442761FF5F32100823552 /* ScrollContainerView */ = {
			isa = PBXGroup;
			children = (
				72E442771FF5F32100823552 /* QTClipImageContainerView.m */,
				72E442781FF5F32100823552 /* QTClipImageContainerView.h */,
			);
			path = ScrollContainerView;
			sourceTree = "<group>";
		};
		72E442791FF5F32100823552 /* Cell */ = {
			isa = PBXGroup;
			children = (
				72E4427A1FF5F32100823552 /* QTThumbnailCell.h */,
				72E4427B1FF5F32100823552 /* QTThumbnailCell.m */,
			);
			path = Cell;
			sourceTree = "<group>";
		};
/* End PBXGroup section */

/* Begin PBXNativeTarget section */
		729A1C281F29E457007B22E7 /* ChoosePictureDemo */ = {
			isa = PBXNativeTarget;
			buildConfigurationList = 729A1C401F29E457007B22E7 /* Build configuration list for PBXNativeTarget "ChoosePictureDemo" */;
			buildPhases = (
				729A1C251F29E457007B22E7 /* Sources */,
				729A1C261F29E457007B22E7 /* Frameworks */,
				729A1C271F29E457007B22E7 /* Resources */,
			);
			buildRules = (
			);
			dependencies = (
			);
			name = ChoosePictureDemo;
			productName = ChoosePictureDemo;
			productReference = 729A1C291F29E457007B22E7 /* ChoosePictureDemo.app */;
			productType = "com.apple.product-type.application";
		};
/* End PBXNativeTarget section */

/* Begin PBXProject section */
		729A1C211F29E457007B22E7 /* Project object */ = {
			isa = PBXProject;
			attributes = {
				LastUpgradeCheck = 0830;
				ORGANIZATIONNAME = qt;
				TargetAttributes = {
					729A1C281F29E457007B22E7 = {
						CreatedOnToolsVersion = 8.3.3;
						ProvisioningStyle = Manual;
					};
				};
			};
			buildConfigurationList = 729A1C241F29E457007B22E7 /* Build configuration list for PBXProject "ChoosePictureDemo" */;
			compatibilityVersion = "Xcode 3.2";
			developmentRegion = English;
			hasScannedForEncodings = 0;
			knownRegions = (
				en,
				Base,
			);
			mainGroup = 729A1C201F29E457007B22E7;
			productRefGroup = 729A1C2A1F29E457007B22E7 /* Products */;
			projectDirPath = "";
			projectRoot = "";
			targets = (
				729A1C281F29E457007B22E7 /* ChoosePictureDemo */,
			);
		};
/* End PBXProject section */

/* Begin PBXResourcesBuildPhase section */
		729A1C271F29E457007B22E7 /* Resources */ = {
			isa = PBXResourcesBuildPhase;
			buildActionMask = 2147483647;
			files = (
				729A1C3C1F29E457007B22E7 /* LaunchScreen.storyboard in Resources */,
				729A1C391F29E457007B22E7 /* Assets.xcassets in Resources */,
				729A1C371F29E457007B22E7 /* Main.storyboard in Resources */,
			);
			runOnlyForDeploymentPostprocessing = 0;
		};
/* End PBXResourcesBuildPhase section */

/* Begin PBXSourcesBuildPhase section */
		729A1C251F29E457007B22E7 /* Sources */ = {
			isa = PBXSourcesBuildPhase;
			buildActionMask = 2147483647;
			files = (
				72E4426D1FF5F31B00823552 /* QTPickCameraCell.m in Sources */,
				72E4427D1FF5F32100823552 /* QTImageDisplayController.m in Sources */,
				72E442601FF5F31500823552 /* ChoosePictureViewController.m in Sources */,
				729A1C311F29E457007B22E7 /* AppDelegate.m in Sources */,
				72E4425F1FF5F31500823552 /* QTChoosePictureCollectionViewCell.m in Sources */,
				72E4427F1FF5F32100823552 /* QTThumbnailCell.m in Sources */,
				72E4427C1FF5F32100823552 /* QTClipImageContainerController.m in Sources */,
				72E4426B1FF5F31B00823552 /* QTImagePickController.m in Sources */,
				72E4427E1FF5F32100823552 /* QTClipImageContainerView.m in Sources */,
				729A1C2E1F29E457007B22E7 /* main.m in Sources */,
				72E4426C1FF5F31B00823552 /* QTImagePickCell.m in Sources */,
			);
			runOnlyForDeploymentPostprocessing = 0;
		};
/* End PBXSourcesBuildPhase section */

/* Begin PBXVariantGroup section */
		729A1C351F29E457007B22E7 /* Main.storyboard */ = {
			isa = PBXVariantGroup;
			children = (
				729A1C361F29E457007B22E7 /* Base */,
			);
			name = Main.storyboard;
			sourceTree = "<group>";
		};
		729A1C3A1F29E457007B22E7 /* LaunchScreen.storyboard */ = {
			isa = PBXVariantGroup;
			children = (
				729A1C3B1F29E457007B22E7 /* Base */,
			);
			name = LaunchScreen.storyboard;
			sourceTree = "<group>";
		};
/* End PBXVariantGroup section */

/* Begin XCBuildConfiguration section */
		729A1C3E1F29E457007B22E7 /* Debug */ = {
			isa = XCBuildConfiguration;
			buildSettings = {
				ALWAYS_SEARCH_USER_PATHS = NO;
				CLANG_ANALYZER_NONNULL = YES;
				CLANG_ANALYZER_NUMBER_OBJECT_CONVERSION = YES_AGGRESSIVE;
				CLANG_CXX_LANGUAGE_STANDARD = "gnu++0x";
				CLANG_CXX_LIBRARY = "libc++";
				CLANG_ENABLE_MODULES = YES;
				CLANG_ENABLE_OBJC_ARC = YES;
				CLANG_WARN_BOOL_CONVERSION = YES;
				CLANG_WARN_CONSTANT_CONVERSION = YES;
				CLANG_WARN_DIRECT_OBJC_ISA_USAGE = YES_ERROR;
				CLANG_WARN_DOCUMENTATION_COMMENTS = YES;
				CLANG_WARN_EMPTY_BODY = YES;
				CLANG_WARN_ENUM_CONVERSION = YES;
				CLANG_WARN_INFINITE_RECURSION = YES;
				CLANG_WARN_INT_CONVERSION = YES;
				CLANG_WARN_OBJC_ROOT_CLASS = YES_ERROR;
				CLANG_WARN_SUSPICIOUS_MOVE = YES;
				CLANG_WARN_UNREACHABLE_CODE = YES;
				CLANG_WARN__DUPLICATE_METHOD_MATCH = YES;
				"CODE_SIGN_IDENTITY[sdk=iphoneos*]" = "iPhone Developer";
				COPY_PHASE_STRIP = NO;
				DEBUG_INFORMATION_FORMAT = dwarf;
				ENABLE_STRICT_OBJC_MSGSEND = YES;
				ENABLE_TESTABILITY = YES;
				GCC_C_LANGUAGE_STANDARD = gnu99;
				GCC_DYNAMIC_NO_PIC = NO;
				GCC_NO_COMMON_BLOCKS = YES;
				GCC_OPTIMIZATION_LEVEL = 0;
				GCC_PREPROCESSOR_DEFINITIONS = (
					"DEBUG=1",
					"$(inherited)",
				);
				GCC_WARN_64_TO_32_BIT_CONVERSION = YES;
				GCC_WARN_ABOUT_RETURN_TYPE = YES_ERROR;
				GCC_WARN_UNDECLARED_SELECTOR = YES;
				GCC_WARN_UNINITIALIZED_AUTOS = YES_AGGRESSIVE;
				GCC_WARN_UNUSED_FUNCTION = YES;
				GCC_WARN_UNUSED_VARIABLE = YES;
				IPHONEOS_DEPLOYMENT_TARGET = 10.3;
				MTL_ENABLE_DEBUG_INFO = YES;
				ONLY_ACTIVE_ARCH = YES;
				SDKROOT = iphoneos;
			};
			name = Debug;
		};
		729A1C3F1F29E457007B22E7 /* Release */ = {
			isa = XCBuildConfiguration;
			buildSettings = {
				ALWAYS_SEARCH_USER_PATHS = NO;
				CLANG_ANALYZER_NONNULL = YES;
				CLANG_ANALYZER_NUMBER_OBJECT_CONVERSION = YES_AGGRESSIVE;
				CLANG_CXX_LANGUAGE_STANDARD = "gnu++0x";
				CLANG_CXX_LIBRARY = "libc++";
				CLANG_ENABLE_MODULES = YES;
				CLANG_ENABLE_OBJC_ARC = YES;
				CLANG_WARN_BOOL_CONVERSION = YES;
				CLANG_WARN_CONSTANT_CONVERSION = YES;
				CLANG_WARN_DIRECT_OBJC_ISA_USAGE = YES_ERROR;
				CLANG_WARN_DOCUMENTATION_COMMENTS = YES;
				CLANG_WARN_EMPTY_BODY = YES;
				CLANG_WARN_ENUM_CONVERSION = YES;
				CLANG_WARN_INFINITE_RECURSION = YES;
				CLANG_WARN_INT_CONVERSION = YES;
				CLANG_WARN_OBJC_ROOT_CLASS = YES_ERROR;
				CLANG_WARN_SUSPICIOUS_MOVE = YES;
				CLANG_WARN_UNREACHABLE_CODE = YES;
				CLANG_WARN__DUPLICATE_METHOD_MATCH = YES;
				"CODE_SIGN_IDENTITY[sdk=iphoneos*]" = "iPhone Developer";
				COPY_PHASE_STRIP = NO;
				DEBUG_INFORMATION_FORMAT = "dwarf-with-dsym";
				ENABLE_NS_ASSERTIONS = NO;
				ENABLE_STRICT_OBJC_MSGSEND = YES;
				GCC_C_LANGUAGE_STANDARD = gnu99;
				GCC_NO_COMMON_BLOCKS = YES;
				GCC_WARN_64_TO_32_BIT_CONVERSION = YES;
				GCC_WARN_ABOUT_RETURN_TYPE = YES_ERROR;
				GCC_WARN_UNDECLARED_SELECTOR = YES;
				GCC_WARN_UNINITIALIZED_AUTOS = YES_AGGRESSIVE;
				GCC_WARN_UNUSED_FUNCTION = YES;
				GCC_WARN_UNUSED_VARIABLE = YES;
				IPHONEOS_DEPLOYMENT_TARGET = 10.3;
				MTL_ENABLE_DEBUG_INFO = NO;
				SDKROOT = iphoneos;
				VALIDATE_PRODUCT = YES;
			};
			name = Release;
		};
		729A1C411F29E457007B22E7 /* Debug */ = {
			isa = XCBuildConfiguration;
			buildSettings = {
				ASSETCATALOG_COMPILER_APPICON_NAME = AppIcon;
				DEVELOPMENT_TEAM = "";
				INFOPLIST_FILE = ChoosePictureDemo/Info.plist;
				LD_RUNPATH_SEARCH_PATHS = "$(inherited) @executable_path/Frameworks";
				PRODUCT_BUNDLE_IDENTIFIER = qt.ChoosePictureDemo;
				PRODUCT_NAME = "$(TARGET_NAME)";
				PROVISIONING_PROFILE_SPECIFIER = "";
			};
			name = Debug;
		};
		729A1C421F29E457007B22E7 /* Release */ = {
			isa = XCBuildConfiguration;
			buildSettings = {
				ASSETCATALOG_COMPILER_APPICON_NAME = AppIcon;
				DEVELOPMENT_TEAM = "";
				INFOPLIST_FILE = ChoosePictureDemo/Info.plist;
				LD_RUNPATH_SEARCH_PATHS = "$(inherited) @executable_path/Frameworks";
				PRODUCT_BUNDLE_IDENTIFIER = qt.ChoosePictureDemo;
				PRODUCT_NAME = "$(TARGET_NAME)";
				PROVISIONING_PROFILE_SPECIFIER = "";
			};
			name = Release;
		};
/* End XCBuildConfiguration section */

/* Begin XCConfigurationList section */
		729A1C241F29E457007B22E7 /* Build configuration list for PBXProject "ChoosePictureDemo" */ = {
			isa = XCConfigurationList;
			buildConfigurations = (
				729A1C3E1F29E457007B22E7 /* Debug */,
				729A1C3F1F29E457007B22E7 /* Release */,
			);
			defaultConfigurationIsVisible = 0;
			defaultConfigurationName = Release;
		};
		729A1C401F29E457007B22E7 /* Build configuration list for PBXNativeTarget "ChoosePictureDemo" */ = {
			isa = XCConfigurationList;
			buildConfigurations = (
				729A1C411F29E457007B22E7 /* Debug */,
				729A1C421F29E457007B22E7 /* Release */,
			);
			defaultConfigurationIsVisible = 0;
			defaultConfigurationName = Release;
		};
/* End XCConfigurationList section */
	};
	rootObject = 729A1C211F29E457007B22E7 /* Project object */;
}
